{
  "version": 4,
  "terraform_version": "1.5.7",
  "serial": 78,
  "lineage": "56cfa21c-d15b-b351-4c5b-8d8562f84213",
  "outputs": {},
  "resources": [
    {
      "mode": "managed",
      "type": "azurerm_app_service_source_control",
      "name": "aassc",
      "provider": "provider[\"registry.terraform.io/hashicorp/azurerm\"]",
      "instances": [
        {
          "schema_version": 0,
          "attributes": {
            "app_id": "/subscriptions/a2e8abe3-6046-4245-ba2d-32672ba88eda/resourceGroups/taskboardRosen-85063/providers/Microsoft.Web/sites/taskBoard-85063",
            "branch": "main",
            "github_action_configuration": [],
            "id": "/subscriptions/a2e8abe3-6046-4245-ba2d-32672ba88eda/resourceGroups/taskboardRosen-85063/providers/Microsoft.Web/sites/taskBoard-85063",
            "repo_url": "https://github.com/RosenCodes20/taskboard_azure",
            "rollback_enabled": false,
            "scm_type": "ExternalGit",
            "timeouts": null,
            "use_local_git": false,
            "use_manual_integration": true,
            "use_mercurial": false,
            "uses_github_action": false
          },
          "sensitive_attributes": [],
          "private": "eyJlMmJmYjczMC1lY2FhLTExZTYtOGY4OC0zNDM2M2JjN2M0YzAiOnsiY3JlYXRlIjoxODAwMDAwMDAwMDAwLCJkZWxldGUiOjE4MDAwMDAwMDAwMDAsInJlYWQiOjMwMDAwMDAwMDAwMH19",
          "dependencies": [
            "azurerm_linux_web_app.alwa",
            "azurerm_mssql_database.amd",
            "azurerm_mssql_server.ams",
            "azurerm_resource_group.terraformResourceGroupRosen",
            "azurerm_service_plan.aasp",
            "random_integer.ri"
          ]
        }
      ]
    },
    {
      "mode": "managed",
      "type": "azurerm_linux_web_app",
      "name": "alwa",
      "provider": "provider[\"registry.terraform.io/hashicorp/azurerm\"]",
      "instances": [
        {
          "schema_version": 1,
          "attributes": {
            "app_settings": null,
            "auth_settings": [],
            "auth_settings_v2": [],
            "backup": [],
            "client_affinity_enabled": false,
            "client_certificate_enabled": false,
            "client_certificate_exclusion_paths": "",
            "client_certificate_mode": "Required",
            "connection_string": [
              {
                "name": "DefaultConnection",
                "type": "SQLAzure",
                "value": "Data Source=tcp:mssqlserverrosen-85063.database.windows.net,1433;Initial Catalog=taskboard-db;User ID=rosen;Password=RosiDen4o;Trusted_Connection=False; MultipleActiveResultSets=True;"
              }
            ],
            "custom_domain_verification_id": "D428D79E8E5AF1C586505C0BD2F9911D71F51A9DD03AF750A6724F0F43CB7E95",
            "default_hostname": "taskboard-85063.azurewebsites.net",
            "enabled": true,
            "ftp_publish_basic_authentication_enabled": true,
            "hosting_environment_id": "",
            "https_only": false,
            "id": "/subscriptions/a2e8abe3-6046-4245-ba2d-32672ba88eda/resourceGroups/taskboardRosen-85063/providers/Microsoft.Web/sites/taskBoard-85063",
            "identity": [],
            "key_vault_reference_identity_id": "SystemAssigned",
            "kind": "app,linux",
            "location": "northeurope",
            "logs": [],
            "name": "taskBoard-85063",
            "outbound_ip_address_list": [
              "4.207.80.64",
              "4.207.80.91",
              "4.207.80.98",
              "4.207.80.111",
              "4.207.80.113",
              "4.207.80.123",
              "20.105.118.180",
              "20.105.118.191",
              "20.105.118.219",
              "20.105.119.42",
              "20.105.119.57",
              "20.105.119.92",
              "20.107.224.52"
            ],
            "outbound_ip_addresses": "4.207.80.64,4.207.80.91,4.207.80.98,4.207.80.111,4.207.80.113,4.207.80.123,20.105.118.180,20.105.118.191,20.105.118.219,20.105.119.42,20.105.119.57,20.105.119.92,20.107.224.52",
            "possible_outbound_ip_address_list": [
              "4.207.80.64",
              "4.207.80.91",
              "4.207.80.98",
              "4.207.80.111",
              "4.207.80.113",
              "4.207.80.123",
              "20.105.118.180",
              "20.105.118.191",
              "20.105.118.219",
              "20.105.119.42",
              "20.105.119.57",
              "20.105.119.92",
              "20.105.119.121",
              "20.105.119.144",
              "20.105.119.213",
              "20.105.119.229",
              "20.105.119.232",
              "20.105.119.249",
              "20.105.119.250",
              "20.105.119.254",
              "4.207.80.33",
              "4.207.80.36",
              "4.207.80.52",
              "4.207.80.54",
              "4.207.80.124",
              "4.207.80.157",
              "4.207.80.159",
              "4.207.80.162",
              "4.207.80.166",
              "4.207.80.196",
              "20.107.224.52"
            ],
            "possible_outbound_ip_addresses": "4.207.80.64,4.207.80.91,4.207.80.98,4.207.80.111,4.207.80.113,4.207.80.123,20.105.118.180,20.105.118.191,20.105.118.219,20.105.119.42,20.105.119.57,20.105.119.92,20.105.119.121,20.105.119.144,20.105.119.213,20.105.119.229,20.105.119.232,20.105.119.249,20.105.119.250,20.105.119.254,4.207.80.33,4.207.80.36,4.207.80.52,4.207.80.54,4.207.80.124,4.207.80.157,4.207.80.159,4.207.80.162,4.207.80.166,4.207.80.196,20.107.224.52",
            "public_network_access_enabled": true,
            "resource_group_name": "taskboardRosen-85063",
            "service_plan_id": "/subscriptions/a2e8abe3-6046-4245-ba2d-32672ba88eda/resourceGroups/taskboardRosen-85063/providers/Microsoft.Web/serverFarms/taskboard-85063",
            "site_config": [
              {
                "always_on": false,
                "api_definition_url": "",
                "api_management_api_id": "",
                "app_command_line": "",
                "application_stack": [
                  {
                    "docker_image_name": "",
                    "docker_registry_password": "",
                    "docker_registry_url": "",
                    "docker_registry_username": "",
                    "dotnet_version": "6.0",
                    "go_version": "",
                    "java_server": "",
                    "java_server_version": "",
                    "java_version": "",
                    "node_version": "",
                    "php_version": "",
                    "python_version": "",
                    "ruby_version": ""
                  }
                ],
                "auto_heal_setting": [],
                "container_registry_managed_identity_client_id": "",
                "container_registry_use_managed_identity": false,
                "cors": [],
                "default_documents": [
                  "Default.htm",
                  "Default.html",
                  "Default.asp",
                  "index.htm",
                  "index.html",
                  "iisstart.htm",
                  "default.aspx",
                  "index.php",
                  "hostingstart.html"
                ],
                "detailed_error_logging_enabled": false,
                "ftps_state": "Disabled",
                "health_check_eviction_time_in_min": 0,
                "health_check_path": "",
                "http2_enabled": false,
                "ip_restriction": [],
                "ip_restriction_default_action": "Allow",
                "linux_fx_version": "DOTNETCORE|6.0",
                "load_balancing_mode": "LeastRequests",
                "local_mysql_enabled": false,
                "managed_pipeline_mode": "Integrated",
                "minimum_tls_version": "1.2",
                "remote_debugging_enabled": false,
                "remote_debugging_version": "VS2022",
                "scm_ip_restriction": [],
                "scm_ip_restriction_default_action": "Allow",
                "scm_minimum_tls_version": "1.2",
                "scm_type": "None",
                "scm_use_main_ip_restriction": false,
                "use_32_bit_worker": true,
                "vnet_route_all_enabled": false,
                "websockets_enabled": false,
                "worker_count": 1
              }
            ],
            "site_credential": [
              {
                "name": "$taskBoard-85063",
                "password": "ThCTPC3HQYrp2prvHp7ogX6416kcKykiRg4o2fMWjkwNwBjwe2F6ncnRq0SE"
              }
            ],
            "sticky_settings": [],
            "storage_account": [],
            "tags": null,
            "timeouts": null,
            "virtual_network_backup_restore_enabled": false,
            "virtual_network_subnet_id": "",
            "vnet_image_pull_enabled": false,
            "webdeploy_publish_basic_authentication_enabled": true,
            "zip_deploy_file": ""
          },
          "sensitive_attributes": [
            [
              {
                "type": "get_attr",
                "value": "connection_string"
              }
            ]
          ],
          "private": "eyJlMmJmYjczMC1lY2FhLTExZTYtOGY4OC0zNDM2M2JjN2M0YzAiOnsiY3JlYXRlIjoxODAwMDAwMDAwMDAwLCJkZWxldGUiOjE4MDAwMDAwMDAwMDAsInJlYWQiOjMwMDAwMDAwMDAwMCwidXBkYXRlIjoxODAwMDAwMDAwMDAwfSwic2NoZW1hX3ZlcnNpb24iOiIxIn0=",
          "dependencies": [
            "azurerm_mssql_database.amd",
            "azurerm_mssql_server.ams",
            "azurerm_resource_group.terraformResourceGroupRosen",
            "azurerm_service_plan.aasp",
            "random_integer.ri"
          ]
        }
      ]
    },
    {
      "mode": "managed",
      "type": "azurerm_mssql_database",
      "name": "amd",
      "provider": "provider[\"registry.terraform.io/hashicorp/azurerm\"]",
      "instances": [
        {
          "schema_version": 1,
          "attributes": {
            "auto_pause_delay_in_minutes": 0,
            "collation": "SQL_Latin1_General_CP1_CI_AS",
            "create_mode": "Default",
            "creation_source_database_id": null,
            "elastic_pool_id": "",
            "enclave_type": "VBS",
            "geo_backup_enabled": true,
            "id": "/subscriptions/a2e8abe3-6046-4245-ba2d-32672ba88eda/resourceGroups/taskboardRosen-85063/providers/Microsoft.Sql/servers/mssqlserverrosen-85063/databases/taskboard-db",
            "identity": [],
            "import": [],
            "ledger_enabled": false,
            "license_type": "LicenseIncluded",
            "long_term_retention_policy": [
              {
                "immutable_backups_enabled": false,
                "monthly_retention": "PT0S",
                "week_of_year": 1,
                "weekly_retention": "PT0S",
                "yearly_retention": "PT0S"
              }
            ],
            "maintenance_configuration_name": "SQL_Default",
            "max_size_gb": 2,
            "min_capacity": 0,
            "name": "taskboard-db",
            "read_replica_count": 0,
            "read_scale": false,
            "recover_database_id": null,
            "recovery_point_id": null,
            "restore_dropped_database_id": null,
            "restore_long_term_retention_backup_id": null,
            "restore_point_in_time": null,
            "sample_name": null,
            "secondary_type": "",
            "server_id": "/subscriptions/a2e8abe3-6046-4245-ba2d-32672ba88eda/resourceGroups/taskboardRosen-85063/providers/Microsoft.Sql/servers/mssqlserverrosen-85063",
            "short_term_retention_policy": [
              {
                "backup_interval_in_hours": 24,
                "retention_days": 7
              }
            ],
            "sku_name": "S0",
            "storage_account_type": "Geo",
            "tags": null,
            "threat_detection_policy": [
              {
                "disabled_alerts": [],
                "email_account_admins": "Disabled",
                "email_addresses": [],
                "retention_days": 0,
                "state": "Disabled",
                "storage_account_access_key": "",
                "storage_endpoint": ""
              }
            ],
            "timeouts": null,
            "transparent_data_encryption_enabled": true,
            "transparent_data_encryption_key_automatic_rotation_enabled": false,
            "transparent_data_encryption_key_vault_key_id": "",
            "zone_redundant": false
          },
          "sensitive_attributes": [],
          "private": "eyJlMmJmYjczMC1lY2FhLTExZTYtOGY4OC0zNDM2M2JjN2M0YzAiOnsiY3JlYXRlIjozNjAwMDAwMDAwMDAwLCJkZWxldGUiOjM2MDAwMDAwMDAwMDAsInJlYWQiOjMwMDAwMDAwMDAwMCwidXBkYXRlIjozNjAwMDAwMDAwMDAwfSwic2NoZW1hX3ZlcnNpb24iOiIxIn0=",
          "dependencies": [
            "azurerm_mssql_server.ams",
            "azurerm_resource_group.terraformResourceGroupRosen",
            "random_integer.ri"
          ]
        }
      ]
    },
    {
      "mode": "managed",
      "type": "azurerm_mssql_firewall_rule",
      "name": "amfr",
      "provider": "provider[\"registry.terraform.io/hashicorp/azurerm\"]",
      "instances": [
        {
          "schema_version": 0,
          "attributes": {
            "end_ip_address": "0.0.0.0",
            "id": "/subscriptions/a2e8abe3-6046-4245-ba2d-32672ba88eda/resourceGroups/taskboardRosen-85063/providers/Microsoft.Sql/servers/mssqlserverrosen-85063/firewallRules/FirewallRule1",
            "name": "FirewallRule1",
            "server_id": "/subscriptions/a2e8abe3-6046-4245-ba2d-32672ba88eda/resourceGroups/taskboardRosen-85063/providers/Microsoft.Sql/servers/mssqlserverrosen-85063",
            "start_ip_address": "0.0.0.0",
            "timeouts": null
          },
          "sensitive_attributes": [],
          "private": "eyJlMmJmYjczMC1lY2FhLTExZTYtOGY4OC0zNDM2M2JjN2M0YzAiOnsiY3JlYXRlIjoxODAwMDAwMDAwMDAwLCJkZWxldGUiOjE4MDAwMDAwMDAwMDAsInJlYWQiOjMwMDAwMDAwMDAwMCwidXBkYXRlIjoxODAwMDAwMDAwMDAwfX0=",
          "dependencies": [
            "azurerm_mssql_server.ams",
            "azurerm_resource_group.terraformResourceGroupRosen",
            "random_integer.ri"
          ]
        }
      ]
    },
    {
      "mode": "managed",
      "type": "azurerm_mssql_server",
      "name": "ams",
      "provider": "provider[\"registry.terraform.io/hashicorp/azurerm\"]",
      "instances": [
        {
          "schema_version": 0,
          "attributes": {
            "administrator_login": "rosen",
            "administrator_login_password": "RosiDen4o",
            "administrator_login_password_wo": null,
            "administrator_login_password_wo_version": 0,
            "azuread_administrator": [],
            "connection_policy": "Default",
            "express_vulnerability_assessment_enabled": false,
            "fully_qualified_domain_name": "mssqlserverrosen-85063.database.windows.net",
            "id": "/subscriptions/a2e8abe3-6046-4245-ba2d-32672ba88eda/resourceGroups/taskboardRosen-85063/providers/Microsoft.Sql/servers/mssqlserverrosen-85063",
            "identity": [],
            "location": "northeurope",
            "minimum_tls_version": "1.2",
            "name": "mssqlserverrosen-85063",
            "outbound_network_restriction_enabled": false,
            "primary_user_assigned_identity_id": "",
            "public_network_access_enabled": true,
            "resource_group_name": "taskboardRosen-85063",
            "restorable_dropped_database_ids": [],
            "tags": null,
            "timeouts": null,
            "transparent_data_encryption_key_vault_key_id": "",
            "version": "12.0"
          },
          "sensitive_attributes": [],
          "private": "eyJlMmJmYjczMC1lY2FhLTExZTYtOGY4OC0zNDM2M2JjN2M0YzAiOnsiY3JlYXRlIjozNjAwMDAwMDAwMDAwLCJkZWxldGUiOjM2MDAwMDAwMDAwMDAsInJlYWQiOjMwMDAwMDAwMDAwMCwidXBkYXRlIjozNjAwMDAwMDAwMDAwfX0=",
          "dependencies": [
            "azurerm_resource_group.terraformResourceGroupRosen",
            "random_integer.ri"
          ]
        }
      ]
    },
    {
      "mode": "managed",
      "type": "azurerm_resource_group",
      "name": "terraformResourceGroupRosen",
      "provider": "provider[\"registry.terraform.io/hashicorp/azurerm\"]",
      "instances": [
        {
          "schema_version": 0,
          "attributes": {
            "id": "/subscriptions/a2e8abe3-6046-4245-ba2d-32672ba88eda/resourceGroups/taskboardRosen-85063",
            "location": "northeurope",
            "managed_by": "",
            "name": "taskboardRosen-85063",
            "tags": null,
            "timeouts": null
          },
          "sensitive_attributes": [],
          "private": "eyJlMmJmYjczMC1lY2FhLTExZTYtOGY4OC0zNDM2M2JjN2M0YzAiOnsiY3JlYXRlIjo1NDAwMDAwMDAwMDAwLCJkZWxldGUiOjU0MDAwMDAwMDAwMDAsInJlYWQiOjMwMDAwMDAwMDAwMCwidXBkYXRlIjo1NDAwMDAwMDAwMDAwfX0=",
          "dependencies": [
            "random_integer.ri"
          ]
        }
      ]
    },
    {
      "mode": "managed",
      "type": "azurerm_service_plan",
      "name": "aasp",
      "provider": "provider[\"registry.terraform.io/hashicorp/azurerm\"]",
      "instances": [
        {
          "schema_version": 1,
          "attributes": {
            "app_service_environment_id": "",
            "id": "/subscriptions/a2e8abe3-6046-4245-ba2d-32672ba88eda/resourceGroups/taskboardRosen-85063/providers/Microsoft.Web/serverFarms/taskboard-85063",
            "kind": "linux",
            "location": "northeurope",
            "maximum_elastic_worker_count": 1,
            "name": "taskboard-85063",
            "os_type": "Linux",
            "per_site_scaling_enabled": false,
            "premium_plan_auto_scale_enabled": false,
            "reserved": true,
            "resource_group_name": "taskboardRosen-85063",
            "sku_name": "F1",
            "tags": null,
            "timeouts": null,
            "worker_count": 1,
            "zone_balancing_enabled": false
          },
          "sensitive_attributes": [],
          "private": "eyJlMmJmYjczMC1lY2FhLTExZTYtOGY4OC0zNDM2M2JjN2M0YzAiOnsiY3JlYXRlIjozNjAwMDAwMDAwMDAwLCJkZWxldGUiOjM2MDAwMDAwMDAwMDAsInJlYWQiOjMwMDAwMDAwMDAwMCwidXBkYXRlIjozNjAwMDAwMDAwMDAwfSwic2NoZW1hX3ZlcnNpb24iOiIxIn0=",
          "dependencies": [
            "azurerm_resource_group.terraformResourceGroupRosen",
            "random_integer.ri"
          ]
        }
      ]
    },
    {
      "mode": "managed",
      "type": "random_integer",
      "name": "ri",
      "provider": "provider[\"registry.terraform.io/hashicorp/random\"]",
      "instances": [
        {
          "schema_version": 0,
          "attributes": {
            "id": "85063",
            "keepers": null,
            "max": 99999,
            "min": 10000,
            "result": 85063,
            "seed": null
          },
          "sensitive_attributes": []
        }
      ]
    }
  ],
  "check_results": null
}
