{
  "version": 4,
  "terraform_version": "1.5.7",
  "serial": 8,
  "lineage": "d6f58447-3cd0-e93d-2c4a-979f1555933a",
  "outputs": {},
  "resources": [
    {
      "mode": "managed",
      "type": "azurerm_app_service_source_control",
      "name": "aassc",
      "provider": "provider[\"registry.terraform.io/hashicorp/azurerm\"]",
      "instances": [
        {
          "schema_version": 0,
          "attributes": {
            "app_id": "/subscriptions/a2e8abe3-6046-4245-ba2d-32672ba88eda/resourceGroups/terraformRGrosen-26958/providers/Microsoft.Web/sites/contactBook-26958",
            "branch": "master",
            "github_action_configuration": [],
            "id": "/subscriptions/a2e8abe3-6046-4245-ba2d-32672ba88eda/resourceGroups/terraformRGrosen-26958/providers/Microsoft.Web/sites/contactBook-26958",
            "repo_url": "https://github.com/nakov/ContactBook",
            "rollback_enabled": false,
            "scm_type": "ExternalGit",
            "timeouts": null,
            "use_local_git": false,
            "use_manual_integration": true,
            "use_mercurial": false,
            "uses_github_action": false
          },
          "sensitive_attributes": [],
          "private": "eyJlMmJmYjczMC1lY2FhLTExZTYtOGY4OC0zNDM2M2JjN2M0YzAiOnsiY3JlYXRlIjoxODAwMDAwMDAwMDAwLCJkZWxldGUiOjE4MDAwMDAwMDAwMDAsInJlYWQiOjMwMDAwMDAwMDAwMH19",
          "dependencies": [
            "azurerm_linux_web_app.alwa",
            "azurerm_resource_group.terraformResourceGroupRosen",
            "azurerm_service_plan.aasp",
            "random_integer.ri"
          ]
        }
      ]
    },
    {
      "mode": "managed",
      "type": "azurerm_linux_web_app",
      "name": "alwa",
      "provider": "provider[\"registry.terraform.io/hashicorp/azurerm\"]",
      "instances": [
        {
          "schema_version": 1,
          "attributes": {
            "app_settings": null,
            "auth_settings": [],
            "auth_settings_v2": [],
            "backup": [],
            "client_affinity_enabled": false,
            "client_certificate_enabled": false,
            "client_certificate_exclusion_paths": "",
            "client_certificate_mode": "Required",
            "connection_string": [],
            "custom_domain_verification_id": "D428D79E8E5AF1C586505C0BD2F9911D71F51A9DD03AF750A6724F0F43CB7E95",
            "default_hostname": "contactbook-26958.azurewebsites.net",
            "enabled": true,
            "ftp_publish_basic_authentication_enabled": true,
            "hosting_environment_id": "",
            "https_only": false,
            "id": "/subscriptions/a2e8abe3-6046-4245-ba2d-32672ba88eda/resourceGroups/terraformRGrosen-26958/providers/Microsoft.Web/sites/contactBook-26958",
            "identity": [],
            "key_vault_reference_identity_id": "SystemAssigned",
            "kind": "app,linux",
            "location": "westeurope",
            "logs": [],
            "name": "contactBook-26958",
            "outbound_ip_address_list": [
              "57.153.17.212",
              "108.141.249.5",
              "132.220.193.132",
              "9.163.57.65",
              "9.163.11.152",
              "9.163.43.221",
              "57.153.26.176",
              "74.178.189.132",
              "135.236.88.195",
              "57.153.16.14",
              "132.220.11.174",
              "9.163.250.64",
              "20.105.216.51"
            ],
            "outbound_ip_addresses": "57.153.17.212,108.141.249.5,132.220.193.132,9.163.57.65,9.163.11.152,9.163.43.221,57.153.26.176,74.178.189.132,135.236.88.195,57.153.16.14,132.220.11.174,9.163.250.64,20.105.216.51",
            "possible_outbound_ip_address_list": [
              "57.153.17.212",
              "108.141.249.5",
              "132.220.193.132",
              "9.163.57.65",
              "9.163.11.152",
              "9.163.43.221",
              "57.153.26.176",
              "74.178.189.132",
              "135.236.88.195",
              "57.153.16.14",
              "132.220.11.174",
              "9.163.250.64",
              "74.178.189.63",
              "108.141.81.184",
              "9.163.10.233",
              "132.164.42.217",
              "135.236.117.14",
              "132.220.154.237",
              "50.85.23.101",
              "132.220.156.48",
              "132.220.233.144",
              "4.175.185.103",
              "57.153.27.46",
              "132.220.132.83",
              "9.163.243.99",
              "98.64.177.84",
              "132.220.151.236",
              "132.220.174.68",
              "50.85.102.107",
              "132.220.51.93",
              "20.105.216.51"
            ],
            "possible_outbound_ip_addresses": "57.153.17.212,108.141.249.5,132.220.193.132,9.163.57.65,9.163.11.152,9.163.43.221,57.153.26.176,74.178.189.132,135.236.88.195,57.153.16.14,132.220.11.174,9.163.250.64,74.178.189.63,108.141.81.184,9.163.10.233,132.164.42.217,135.236.117.14,132.220.154.237,50.85.23.101,132.220.156.48,132.220.233.144,4.175.185.103,57.153.27.46,132.220.132.83,9.163.243.99,98.64.177.84,132.220.151.236,132.220.174.68,50.85.102.107,132.220.51.93,20.105.216.51",
            "public_network_access_enabled": true,
            "resource_group_name": "terraformRGrosen-26958",
            "service_plan_id": "/subscriptions/a2e8abe3-6046-4245-ba2d-32672ba88eda/resourceGroups/terraformRGrosen-26958/providers/Microsoft.Web/serverFarms/contact-book-26958",
            "site_config": [
              {
                "always_on": false,
                "api_definition_url": "",
                "api_management_api_id": "",
                "app_command_line": "",
                "application_stack": [
                  {
                    "docker_image_name": "",
                    "docker_registry_password": "",
                    "docker_registry_url": "",
                    "docker_registry_username": "",
                    "dotnet_version": "",
                    "go_version": "",
                    "java_server": "",
                    "java_server_version": "",
                    "java_version": "",
                    "node_version": "16-lts",
                    "php_version": "",
                    "python_version": "",
                    "ruby_version": ""
                  }
                ],
                "auto_heal_setting": [],
                "container_registry_managed_identity_client_id": "",
                "container_registry_use_managed_identity": false,
                "cors": [],
                "default_documents": [
                  "Default.htm",
                  "Default.html",
                  "Default.asp",
                  "index.htm",
                  "index.html",
                  "iisstart.htm",
                  "default.aspx",
                  "index.php",
                  "hostingstart.html"
                ],
                "detailed_error_logging_enabled": false,
                "ftps_state": "Disabled",
                "health_check_eviction_time_in_min": 0,
                "health_check_path": "",
                "http2_enabled": false,
                "ip_restriction": [],
                "ip_restriction_default_action": "Allow",
                "linux_fx_version": "NODE|16-lts",
                "load_balancing_mode": "LeastRequests",
                "local_mysql_enabled": false,
                "managed_pipeline_mode": "Integrated",
                "minimum_tls_version": "1.2",
                "remote_debugging_enabled": false,
                "remote_debugging_version": "VS2022",
                "scm_ip_restriction": [],
                "scm_ip_restriction_default_action": "Allow",
                "scm_minimum_tls_version": "1.2",
                "scm_type": "None",
                "scm_use_main_ip_restriction": false,
                "use_32_bit_worker": true,
                "vnet_route_all_enabled": false,
                "websockets_enabled": false,
                "worker_count": 1
              }
            ],
            "site_credential": [
              {
                "name": "$contactBook-26958",
                "password": "urpfX9SlZAgLdxJNA62gr9MXpKrZ6tykEwdntinFdjQWX6kwBFrKGZpWlhm1"
              }
            ],
            "sticky_settings": [],
            "storage_account": [],
            "tags": null,
            "timeouts": null,
            "virtual_network_backup_restore_enabled": false,
            "virtual_network_subnet_id": "",
            "vnet_image_pull_enabled": false,
            "webdeploy_publish_basic_authentication_enabled": true,
            "zip_deploy_file": ""
          },
          "sensitive_attributes": [],
          "private": "eyJlMmJmYjczMC1lY2FhLTExZTYtOGY4OC0zNDM2M2JjN2M0YzAiOnsiY3JlYXRlIjoxODAwMDAwMDAwMDAwLCJkZWxldGUiOjE4MDAwMDAwMDAwMDAsInJlYWQiOjMwMDAwMDAwMDAwMCwidXBkYXRlIjoxODAwMDAwMDAwMDAwfSwic2NoZW1hX3ZlcnNpb24iOiIxIn0=",
          "dependencies": [
            "azurerm_resource_group.terraformResourceGroupRosen",
            "azurerm_service_plan.aasp",
            "random_integer.ri"
          ]
        }
      ]
    },
    {
      "mode": "managed",
      "type": "azurerm_resource_group",
      "name": "terraformResourceGroupRosen",
      "provider": "provider[\"registry.terraform.io/hashicorp/azurerm\"]",
      "instances": [
        {
          "schema_version": 0,
          "attributes": {
            "id": "/subscriptions/a2e8abe3-6046-4245-ba2d-32672ba88eda/resourceGroups/terraformRGrosen-26958",
            "location": "westeurope",
            "managed_by": "",
            "name": "terraformRGrosen-26958",
            "tags": {},
            "timeouts": null
          },
          "sensitive_attributes": [],
          "private": "eyJlMmJmYjczMC1lY2FhLTExZTYtOGY4OC0zNDM2M2JjN2M0YzAiOnsiY3JlYXRlIjo1NDAwMDAwMDAwMDAwLCJkZWxldGUiOjU0MDAwMDAwMDAwMDAsInJlYWQiOjMwMDAwMDAwMDAwMCwidXBkYXRlIjo1NDAwMDAwMDAwMDAwfX0=",
          "dependencies": [
            "random_integer.ri"
          ]
        }
      ]
    },
    {
      "mode": "managed",
      "type": "azurerm_service_plan",
      "name": "aasp",
      "provider": "provider[\"registry.terraform.io/hashicorp/azurerm\"]",
      "instances": [
        {
          "schema_version": 1,
          "attributes": {
            "app_service_environment_id": "",
            "id": "/subscriptions/a2e8abe3-6046-4245-ba2d-32672ba88eda/resourceGroups/terraformRGrosen-26958/providers/Microsoft.Web/serverFarms/contact-book-26958",
            "kind": "linux",
            "location": "westeurope",
            "maximum_elastic_worker_count": 1,
            "name": "contact-book-26958",
            "os_type": "Linux",
            "per_site_scaling_enabled": false,
            "premium_plan_auto_scale_enabled": false,
            "reserved": true,
            "resource_group_name": "terraformRGrosen-26958",
            "sku_name": "F1",
            "tags": {},
            "timeouts": null,
            "worker_count": 1,
            "zone_balancing_enabled": false
          },
          "sensitive_attributes": [],
          "private": "eyJlMmJmYjczMC1lY2FhLTExZTYtOGY4OC0zNDM2M2JjN2M0YzAiOnsiY3JlYXRlIjozNjAwMDAwMDAwMDAwLCJkZWxldGUiOjM2MDAwMDAwMDAwMDAsInJlYWQiOjMwMDAwMDAwMDAwMCwidXBkYXRlIjozNjAwMDAwMDAwMDAwfSwic2NoZW1hX3ZlcnNpb24iOiIxIn0=",
          "dependencies": [
            "azurerm_resource_group.terraformResourceGroupRosen",
            "random_integer.ri"
          ]
        }
      ]
    },
    {
      "mode": "managed",
      "type": "random_integer",
      "name": "ri",
      "provider": "provider[\"registry.terraform.io/hashicorp/random\"]",
      "instances": [
        {
          "schema_version": 0,
          "attributes": {
            "id": "26958",
            "keepers": null,
            "max": 99999,
            "min": 10000,
            "result": 26958,
            "seed": null
          },
          "sensitive_attributes": []
        }
      ]
    }
  ],
  "check_results": null
}
